
Microsoft Visual Studio Solution File, Format Version 12.00
# Visual Studio Version 16
VisualStudioVersion = 16.0.30223.230
MinimumVisualStudioVersion = 10.0.40219.1
Project("{9A19103F-16F7-4668-BE54-9A1E7A4F7556}") = "ChromelyInputOutput.Chromely", "ChromelyInputOutput.Chromely\ChromelyInputOutput.Chromely.csproj", "{FF307934-B2BC-4B4E-BC53-E411296C63E6}"
EndProject
Project("{FAE04EC0-301F-11D3-BF4B-00C04F79EFBC}") = "ChromelyInputOutput.BlazorSpa", "BlazorSpa\ChromelyInputOutput.BlazorSpa.csproj", "{66D24304-A470-4315-9628-94BB867C2367}"
EndProject
Global
	GlobalSection(SolutionConfigurationPlatforms) = preSolution
		Debug|Any CPU = Debug|Any CPU
		Release|Any CPU = Release|Any CPU
	EndGlobalSection
	GlobalSection(ProjectConfigurationPlatforms) = postSolution
		{FF307934-B2BC-4B4E-BC53-E411296C63E6}.Debug|Any CPU.ActiveCfg = Debug|Any CPU
		{FF307934-B2BC-4B4E-BC53-E411296C63E6}.Debug|Any CPU.Build.0 = Debug|Any CPU
		{FF307934-B2BC-4B4E-BC53-E411296C63E6}.Release|Any CPU.ActiveCfg = Release|Any CPU
		{FF307934-B2BC-4B4E-BC53-E411296C63E6}.Release|Any CPU.Build.0 = Release|Any CPU
		{66D24304-A470-4315-9628-94BB867C2367}.Debug|Any CPU.ActiveCfg = Debug|Any CPU
		{66D24304-A470-4315-9628-94BB867C2367}.Debug|Any CPU.Build.0 = Debug|Any CPU
		{66D24304-A470-4315-9628-94BB867C2367}.Release|Any CPU.ActiveCfg = Release|Any CPU
		{66D24304-A470-4315-9628-94BB867C2367}.Release|Any CPU.Build.0 = Release|Any CPU
	EndGlobalSection
	GlobalSection(SolutionProperties) = preSolution
		HideSolutionNode = FALSE
	EndGlobalSection
	GlobalSection(ExtensibilityGlobals) = postSolution
		SolutionGuid = {50E76475-3598-4FA0-B6AA-E3C9C710550B}
	EndGlobalSection
EndGlobal
